
Microsoft Visual Studio Solution File, Format Version 12.00
# Visual Studio Version 17
VisualStudioVersion = 17.4.33205.214
MinimumVisualStudioVersion = 10.0.40219.1
Project("{FAE04EC0-301F-11D3-BF4B-00C04F79EFBC}") = "ApiKeySecurityASP", "ApiKeySecurityASP\ApiKeySecurityASP.csproj", "{58F63F02-1873-489F-872C-C15EA8A0A9DF}"
EndProject
Global
	GlobalSection(SolutionConfigurationPlatforms) = preSolution
		Debug|Any CPU = Debug|Any CPU
		Release|Any CPU = Release|Any CPU
	EndGlobalSection
	GlobalSection(ProjectConfigurationPlatforms) = postSolution
		{58F63F02-1873-489F-872C-C15EA8A0A9DF}.Debug|Any CPU.ActiveCfg = Debug|Any CPU
		{58F63F02-1873-489F-872C-C15EA8A0A9DF}.Debug|Any CPU.Build.0 = Debug|Any CPU
		{58F63F02-1873-489F-872C-C15EA8A0A9DF}.Release|Any CPU.ActiveCfg = Release|Any CPU
		{58F63F02-1873-489F-872C-C15EA8A0A9DF}.Release|Any CPU.Build.0 = Release|Any CPU
	EndGlobalSection
	GlobalSection(SolutionProperties) = preSolution
		HideSolutionNode = FALSE
	EndGlobalSection
	GlobalSection(ExtensibilityGlobals) = postSolution
		SolutionGuid = {1C41F9A8-93F0-4DC8-921C-C0892E7E5437}
	EndGlobalSection
EndGlobal
